// !$*UTF8*$!
{
	archiveVersion = 1;
	classes = {
	};
	objectVersion = 56;
	objects = {

/* Begin PBXBuildFile section */
		7E0E909E2A489E85001C8ACC /* Swift_Weather_AppApp.swift in Sources */ = {isa = PBXBuildFile; fileRef = 7E0E909D2A489E85001C8ACC /* Swift_Weather_AppApp.swift */; };
		7E0E90A02A489E85001C8ACC /* ContentView.swift in Sources */ = {isa = PBXBuildFile; fileRef = 7E0E909F2A489E85001C8ACC /* ContentView.swift */; };
		7E0E90A22A489E87001C8ACC /* Assets.xcassets in Resources */ = {isa = PBXBuildFile; fileRef = 7E0E90A12A489E87001C8ACC /* Assets.xcassets */; };
		7E0E90A52A489E87001C8ACC /* Preview Assets.xcassets in Resources */ = {isa = PBXBuildFile; fileRef = 7E0E90A42A489E87001C8ACC /* Preview Assets.xcassets */; };
		7E0E90AF2A489E87001C8ACC /* Swift_Weather_AppTests.swift in Sources */ = {isa = PBXBuildFile; fileRef = 7E0E90AE2A489E87001C8ACC /* Swift_Weather_AppTests.swift */; };
		7E0E90B92A489E87001C8ACC /* Swift_Weather_AppUITests.swift in Sources */ = {isa = PBXBuildFile; fileRef = 7E0E90B82A489E87001C8ACC /* Swift_Weather_AppUITests.swift */; };
		7E0E90BB2A489E87001C8ACC /* Swift_Weather_AppUITestsLaunchTests.swift in Sources */ = {isa = PBXBuildFile; fileRef = 7E0E90BA2A489E87001C8ACC /* Swift_Weather_AppUITestsLaunchTests.swift */; };
		7E0E90C92A489FBD001C8ACC /* CurrentWeatherApiModel.swift in Sources */ = {isa = PBXBuildFile; fileRef = 7E0E90C82A489FBD001C8ACC /* CurrentWeatherApiModel.swift */; };
		7E0E90CC2A48A270001C8ACC /* WeatherFetchService.swift in Sources */ = {isa = PBXBuildFile; fileRef = 7E0E90CB2A48A270001C8ACC /* WeatherFetchService.swift */; };
		7E0E90CF2A48A4CD001C8ACC /* WeatherDataViewModel.swift in Sources */ = {isa = PBXBuildFile; fileRef = 7E0E90CE2A48A4CD001C8ACC /* WeatherDataViewModel.swift */; };
		7E1D050D2A48C3C900ED114F /* GeoLocationDataModel.swift in Sources */ = {isa = PBXBuildFile; fileRef = 7E1D050C2A48C3C900ED114F /* GeoLocationDataModel.swift */; };
		7E1D05112A48CC4100ED114F /* BackgroundView.swift in Sources */ = {isa = PBXBuildFile; fileRef = 7E1D05102A48CC4100ED114F /* BackgroundView.swift */; };
		7E1D05152A48CE9B00ED114F /* LocationCurrentWeatherCardView.swift in Sources */ = {isa = PBXBuildFile; fileRef = 7E1D05142A48CE9B00ED114F /* LocationCurrentWeatherCardView.swift */; };
		7E1D051A2A4A70F700ED114F /* CurrentWeatherDataModel.swift in Sources */ = {isa = PBXBuildFile; fileRef = 7E1D05192A4A70F700ED114F /* CurrentWeatherDataModel.swift */; };
		7E1D051C2A4B6B1800ED114F /* UserLocationManager.swift in Sources */ = {isa = PBXBuildFile; fileRef = 7E1D051B2A4B6B1800ED114F /* UserLocationManager.swift */; };
		7E1D051F2A4B92A700ED114F /* BackgroundState.swift in Sources */ = {isa = PBXBuildFile; fileRef = 7E1D051E2A4B92A700ED114F /* BackgroundState.swift */; };
/* End PBXBuildFile section */

/* Begin PBXContainerItemProxy section */
		7E0E90AB2A489E87001C8ACC /* PBXContainerItemProxy */ = {
			isa = PBXContainerItemProxy;
			containerPortal = 7E0E90922A489E85001C8ACC /* Project object */;
			proxyType = 1;
			remoteGlobalIDString = 7E0E90992A489E85001C8ACC;
			remoteInfo = "Swift Weather App";
		};
		7E0E90B52A489E87001C8ACC /* PBXContainerItemProxy */ = {
			isa = PBXContainerItemProxy;
			containerPortal = 7E0E90922A489E85001C8ACC /* Project object */;
			proxyType = 1;
			remoteGlobalIDString = 7E0E90992A489E85001C8ACC;
			remoteInfo = "Swift Weather App";
		};
/* End PBXContainerItemProxy section */

/* Begin PBXFileReference section */
		7E0E909A2A489E85001C8ACC /* Swift Weather App.app */ = {isa = PBXFileReference; explicitFileType = wrapper.application; includeInIndex = 0; path = "Swift Weather App.app"; sourceTree = BUILT_PRODUCTS_DIR; };
		7E0E909D2A489E85001C8ACC /* Swift_Weather_AppApp.swift */ = {isa = PBXFileReference; lastKnownFileType = sourcecode.swift; path = Swift_Weather_AppApp.swift; sourceTree = "<group>"; };
		7E0E909F2A489E85001C8ACC /* ContentView.swift */ = {isa = PBXFileReference; lastKnownFileType = sourcecode.swift; path = ContentView.swift; sourceTree = "<group>"; };
		7E0E90A12A489E87001C8ACC /* Assets.xcassets */ = {isa = PBXFileReference; lastKnownFileType = folder.assetcatalog; path = Assets.xcassets; sourceTree = "<group>"; };
		7E0E90A42A489E87001C8ACC /* Preview Assets.xcassets */ = {isa = PBXFileReference; lastKnownFileType = folder.assetcatalog; path = "Preview Assets.xcassets"; sourceTree = "<group>"; };
		7E0E90AA2A489E87001C8ACC /* Swift Weather AppTests.xctest */ = {isa = PBXFileReference; explicitFileType = wrapper.cfbundle; includeInIndex = 0; path = "Swift Weather AppTests.xctest"; sourceTree = BUILT_PRODUCTS_DIR; };
		7E0E90AE2A489E87001C8ACC /* Swift_Weather_AppTests.swift */ = {isa = PBXFileReference; lastKnownFileType = sourcecode.swift; path = Swift_Weather_AppTests.swift; sourceTree = "<group>"; };
		7E0E90B42A489E87001C8ACC /* Swift Weather AppUITests.xctest */ = {isa = PBXFileReference; explicitFileType = wrapper.cfbundle; includeInIndex = 0; path = "Swift Weather AppUITests.xctest"; sourceTree = BUILT_PRODUCTS_DIR; };
		7E0E90B82A489E87001C8ACC /* Swift_Weather_AppUITests.swift */ = {isa = PBXFileReference; lastKnownFileType = sourcecode.swift; path = Swift_Weather_AppUITests.swift; sourceTree = "<group>"; };
		7E0E90BA2A489E87001C8ACC /* Swift_Weather_AppUITestsLaunchTests.swift */ = {isa = PBXFileReference; lastKnownFileType = sourcecode.swift; path = Swift_Weather_AppUITestsLaunchTests.swift; sourceTree = "<group>"; };
		7E0E90C82A489FBD001C8ACC /* CurrentWeatherApiModel.swift */ = {isa = PBXFileReference; lastKnownFileType = sourcecode.swift; path = CurrentWeatherApiModel.swift; sourceTree = "<group>"; };
		7E0E90CB2A48A270001C8ACC /* WeatherFetchService.swift */ = {isa = PBXFileReference; lastKnownFileType = sourcecode.swift; path = WeatherFetchService.swift; sourceTree = "<group>"; };
		7E0E90CE2A48A4CD001C8ACC /* WeatherDataViewModel.swift */ = {isa = PBXFileReference; lastKnownFileType = sourcecode.swift; path = WeatherDataViewModel.swift; sourceTree = "<group>"; };
		7E1D050C2A48C3C900ED114F /* GeoLocationDataModel.swift */ = {isa = PBXFileReference; lastKnownFileType = sourcecode.swift; path = GeoLocationDataModel.swift; sourceTree = "<group>"; };
		7E1D05102A48CC4100ED114F /* BackgroundView.swift */ = {isa = PBXFileReference; lastKnownFileType = sourcecode.swift; path = BackgroundView.swift; sourceTree = "<group>"; };
		7E1D05142A48CE9B00ED114F /* LocationCurrentWeatherCardView.swift */ = {isa = PBXFileReference; lastKnownFileType = sourcecode.swift; path = LocationCurrentWeatherCardView.swift; sourceTree = "<group>"; };
		7E1D05182A4A357C00ED114F /* Swift-Weather-App-Info.plist */ = {isa = PBXFileReference; lastKnownFileType = text.plist; path = "Swift-Weather-App-Info.plist"; sourceTree = SOURCE_ROOT; };
		7E1D05192A4A70F700ED114F /* CurrentWeatherDataModel.swift */ = {isa = PBXFileReference; lastKnownFileType = sourcecode.swift; path = CurrentWeatherDataModel.swift; sourceTree = "<group>"; };
		7E1D051B2A4B6B1800ED114F /* UserLocationManager.swift */ = {isa = PBXFileReference; lastKnownFileType = sourcecode.swift; path = UserLocationManager.swift; sourceTree = "<group>"; };
		7E1D051E2A4B92A700ED114F /* BackgroundState.swift */ = {isa = PBXFileReference; lastKnownFileType = sourcecode.swift; path = BackgroundState.swift; sourceTree = "<group>"; };
/* End PBXFileReference section */

/* Begin PBXFrameworksBuildPhase section */
		7E0E90972A489E85001C8ACC /* Frameworks */ = {
			isa = PBXFrameworksBuildPhase;
			buildActionMask = 2147483647;
			files = (
			);
			runOnlyForDeploymentPostprocessing = 0;
		};
		7E0E90A72A489E87001C8ACC /* Frameworks */ = {
			isa = PBXFrameworksBuildPhase;
			buildActionMask = 2147483647;
			files = (
			);
			runOnlyForDeploymentPostprocessing = 0;
		};
		7E0E90B12A489E87001C8ACC /* Frameworks */ = {
			isa = PBXFrameworksBuildPhase;
			buildActionMask = 2147483647;
			files = (
			);
			runOnlyForDeploymentPostprocessing = 0;
		};
/* End PBXFrameworksBuildPhase section */

/* Begin PBXGroup section */
		7E0E90912A489E85001C8ACC = {
			isa = PBXGroup;
			children = (
				7E0E909C2A489E85001C8ACC /* Swift Weather App */,
				7E0E90AD2A489E87001C8ACC /* Swift Weather AppTests */,
				7E0E90B72A489E87001C8ACC /* Swift Weather AppUITests */,
				7E0E909B2A489E85001C8ACC /* Products */,
			);
			sourceTree = "<group>";
		};
		7E0E909B2A489E85001C8ACC /* Products */ = {
			isa = PBXGroup;
			children = (
				7E0E909A2A489E85001C8ACC /* Swift Weather App.app */,
				7E0E90AA2A489E87001C8ACC /* Swift Weather AppTests.xctest */,
				7E0E90B42A489E87001C8ACC /* Swift Weather AppUITests.xctest */,
			);
			name = Products;
			sourceTree = "<group>";
		};
		7E0E909C2A489E85001C8ACC /* Swift Weather App */ = {
			isa = PBXGroup;
			children = (
				7E1D05182A4A357C00ED114F /* Swift-Weather-App-Info.plist */,
				7E1D050E2A48CC1300ED114F /* Views */,
				7E0E90CD2A48A45C001C8ACC /* ViewModel */,
				7E0E90CA2A48A25C001C8ACC /* Networking */,
				7E0E90C72A489E8F001C8ACC /* Model */,
				7E0E909D2A489E85001C8ACC /* Swift_Weather_AppApp.swift */,
				7E0E90A12A489E87001C8ACC /* Assets.xcassets */,
				7E0E90A32A489E87001C8ACC /* Preview Content */,
				7E1D051B2A4B6B1800ED114F /* UserLocationManager.swift */,
			);
			path = "Swift Weather App";
			sourceTree = "<group>";
		};
		7E0E90A32A489E87001C8ACC /* Preview Content */ = {
			isa = PBXGroup;
			children = (
				7E0E90A42A489E87001C8ACC /* Preview Assets.xcassets */,
			);
			path = "Preview Content";
			sourceTree = "<group>";
		};
		7E0E90AD2A489E87001C8ACC /* Swift Weather AppTests */ = {
			isa = PBXGroup;
			children = (
				7E0E90AE2A489E87001C8ACC /* Swift_Weather_AppTests.swift */,
			);
			path = "Swift Weather AppTests";
			sourceTree = "<group>";
		};
		7E0E90B72A489E87001C8ACC /* Swift Weather AppUITests */ = {
			isa = PBXGroup;
			children = (
				7E0E90B82A489E87001C8ACC /* Swift_Weather_AppUITests.swift */,
				7E0E90BA2A489E87001C8ACC /* Swift_Weather_AppUITestsLaunchTests.swift */,
			);
			path = "Swift Weather AppUITests";
			sourceTree = "<group>";
		};
		7E0E90C72A489E8F001C8ACC /* Model */ = {
			isa = PBXGroup;
			children = (
				7E1D051D2A4B928600ED114F /* DataConversions */,
				7E1D050C2A48C3C900ED114F /* GeoLocationDataModel.swift */,
				7E0E90C82A489FBD001C8ACC /* CurrentWeatherApiModel.swift */,
				7E1D05192A4A70F700ED114F /* CurrentWeatherDataModel.swift */,
			);
			path = Model;
			sourceTree = "<group>";
		};
		7E0E90CA2A48A25C001C8ACC /* Networking */ = {
			isa = PBXGroup;
			children = (
				7E0E90CB2A48A270001C8ACC /* WeatherFetchService.swift */,
			);
			path = Networking;
			sourceTree = "<group>";
		};
		7E0E90CD2A48A45C001C8ACC /* ViewModel */ = {
			isa = PBXGroup;
			children = (
				7E0E90CE2A48A4CD001C8ACC /* WeatherDataViewModel.swift */,
			);
			path = ViewModel;
			sourceTree = "<group>";
		};
		7E1D050E2A48CC1300ED114F /* Views */ = {
			isa = PBXGroup;
			children = (
				7E1D05132A48CE8400ED114F /* CurrentWeatherView */,
				7E1D050F2A48CC2D00ED114F /* SharedViews */,
				7E0E909F2A489E85001C8ACC /* ContentView.swift */,
			);
			path = Views;
			sourceTree = "<group>";
		};
		7E1D050F2A48CC2D00ED114F /* SharedViews */ = {
			isa = PBXGroup;
			children = (
				7E1D05102A48CC4100ED114F /* BackgroundView.swift */,
			);
			path = SharedViews;
			sourceTree = "<group>";
		};
		7E1D05132A48CE8400ED114F /* CurrentWeatherView */ = {
			isa = PBXGroup;
			children = (
				7E1D05142A48CE9B00ED114F /* LocationCurrentWeatherCardView.swift */,
			);
			path = CurrentWeatherView;
			sourceTree = "<group>";
		};
		7E1D051D2A4B928600ED114F /* DataConversions */ = {
			isa = PBXGroup;
			children = (
				7E1D051E2A4B92A700ED114F /* BackgroundState.swift */,
			);
			path = DataConversions;
			sourceTree = "<group>";
		};
/* End PBXGroup section */

/* Begin PBXNativeTarget section */
		7E0E90992A489E85001C8ACC /* Swift Weather App */ = {
			isa = PBXNativeTarget;
			buildConfigurationList = 7E0E90BE2A489E87001C8ACC /* Build configuration list for PBXNativeTarget "Swift Weather App" */;
			buildPhases = (
				7E0E90962A489E85001C8ACC /* Sources */,
				7E0E90972A489E85001C8ACC /* Frameworks */,
				7E0E90982A489E85001C8ACC /* Resources */,
			);
			buildRules = (
			);
			dependencies = (
			);
			name = "Swift Weather App";
			productName = "Swift Weather App";
			productReference = 7E0E909A2A489E85001C8ACC /* Swift Weather App.app */;
			productType = "com.apple.product-type.application";
		};
		7E0E90A92A489E87001C8ACC /* Swift Weather AppTests */ = {
			isa = PBXNativeTarget;
			buildConfigurationList = 7E0E90C12A489E87001C8ACC /* Build configuration list for PBXNativeTarget "Swift Weather AppTests" */;
			buildPhases = (
				7E0E90A62A489E87001C8ACC /* Sources */,
				7E0E90A72A489E87001C8ACC /* Frameworks */,
				7E0E90A82A489E87001C8ACC /* Resources */,
			);
			buildRules = (
			);
			dependencies = (
				7E0E90AC2A489E87001C8ACC /* PBXTargetDependency */,
			);
			name = "Swift Weather AppTests";
			productName = "Swift Weather AppTests";
			productReference = 7E0E90AA2A489E87001C8ACC /* Swift Weather AppTests.xctest */;
			productType = "com.apple.product-type.bundle.unit-test";
		};
		7E0E90B32A489E87001C8ACC /* Swift Weather AppUITests */ = {
			isa = PBXNativeTarget;
			buildConfigurationList = 7E0E90C42A489E87001C8ACC /* Build configuration list for PBXNativeTarget "Swift Weather AppUITests" */;
			buildPhases = (
				7E0E90B02A489E87001C8ACC /* Sources */,
				7E0E90B12A489E87001C8ACC /* Frameworks */,
				7E0E90B22A489E87001C8ACC /* Resources */,
			);
			buildRules = (
			);
			dependencies = (
				7E0E90B62A489E87001C8ACC /* PBXTargetDependency */,
			);
			name = "Swift Weather AppUITests";
			productName = "Swift Weather AppUITests";
			productReference = 7E0E90B42A489E87001C8ACC /* Swift Weather AppUITests.xctest */;
			productType = "com.apple.product-type.bundle.ui-testing";
		};
/* End PBXNativeTarget section */

/* Begin PBXProject section */
		7E0E90922A489E85001C8ACC /* Project object */ = {
			isa = PBXProject;
			attributes = {
				BuildIndependentTargetsInParallel = 1;
				LastSwiftUpdateCheck = 1430;
				LastUpgradeCheck = 1430;
				TargetAttributes = {
					7E0E90992A489E85001C8ACC = {
						CreatedOnToolsVersion = 14.3.1;
					};
					7E0E90A92A489E87001C8ACC = {
						CreatedOnToolsVersion = 14.3.1;
						TestTargetID = 7E0E90992A489E85001C8ACC;
					};
					7E0E90B32A489E87001C8ACC = {
						CreatedOnToolsVersion = 14.3.1;
						TestTargetID = 7E0E90992A489E85001C8ACC;
					};
				};
			};
			buildConfigurationList = 7E0E90952A489E85001C8ACC /* Build configuration list for PBXProject "Swift Weather App" */;
			compatibilityVersion = "Xcode 14.0";
			developmentRegion = en;
			hasScannedForEncodings = 0;
			knownRegions = (
				en,
				Base,
			);
			mainGroup = 7E0E90912A489E85001C8ACC;
			productRefGroup = 7E0E909B2A489E85001C8ACC /* Products */;
			projectDirPath = "";
			projectRoot = "";
			targets = (
				7E0E90992A489E85001C8ACC /* Swift Weather App */,
				7E0E90A92A489E87001C8ACC /* Swift Weather AppTests */,
				7E0E90B32A489E87001C8ACC /* Swift Weather AppUITests */,
			);
		};
/* End PBXProject section */

/* Begin PBXResourcesBuildPhase section */
		7E0E90982A489E85001C8ACC /* Resources */ = {
			isa = PBXResourcesBuildPhase;
			buildActionMask = 2147483647;
			files = (
				7E0E90A52A489E87001C8ACC /* Preview Assets.xcassets in Resources */,
				7E0E90A22A489E87001C8ACC /* Assets.xcassets in Resources */,
			);
			runOnlyForDeploymentPostprocessing = 0;
		};
		7E0E90A82A489E87001C8ACC /* Resources */ = {
			isa = PBXResourcesBuildPhase;
			buildActionMask = 2147483647;
			files = (
			);
			runOnlyForDeploymentPostprocessing = 0;
		};
		7E0E90B22A489E87001C8ACC /* Resources */ = {
			isa = PBXResourcesBuildPhase;
			buildActionMask = 2147483647;
			files = (
			);
			runOnlyForDeploymentPostprocessing = 0;
		};
/* End PBXResourcesBuildPhase section */

/* Begin PBXSourcesBuildPhase section */
		7E0E90962A489E85001C8ACC /* Sources */ = {
			isa = PBXSourcesBuildPhase;
			buildActionMask = 2147483647;
			files = (
				7E1D051A2A4A70F700ED114F /* CurrentWeatherDataModel.swift in Sources */,
				7E1D05152A48CE9B00ED114F /* LocationCurrentWeatherCardView.swift in Sources */,
				7E0E90A02A489E85001C8ACC /* ContentView.swift in Sources */,
				7E0E909E2A489E85001C8ACC /* Swift_Weather_AppApp.swift in Sources */,
				7E1D050D2A48C3C900ED114F /* GeoLocationDataModel.swift in Sources */,
				7E1D051C2A4B6B1800ED114F /* UserLocationManager.swift in Sources */,
				7E1D05112A48CC4100ED114F /* BackgroundView.swift in Sources */,
				7E0E90C92A489FBD001C8ACC /* CurrentWeatherApiModel.swift in Sources */,
				7E1D051F2A4B92A700ED114F /* BackgroundState.swift in Sources */,
				7E0E90CF2A48A4CD001C8ACC /* WeatherDataViewModel.swift in Sources */,
				7E0E90CC2A48A270001C8ACC /* WeatherFetchService.swift in Sources */,
			);
			runOnlyForDeploymentPostprocessing = 0;
		};
		7E0E90A62A489E87001C8ACC /* Sources */ = {
			isa = PBXSourcesBuildPhase;
			buildActionMask = 2147483647;
			files = (
				7E0E90AF2A489E87001C8ACC /* Swift_Weather_AppTests.swift in Sources */,
			);
			runOnlyForDeploymentPostprocessing = 0;
		};
		7E0E90B02A489E87001C8ACC /* Sources */ = {
			isa = PBXSourcesBuildPhase;
			buildActionMask = 2147483647;
			files = (
				7E0E90B92A489E87001C8ACC /* Swift_Weather_AppUITests.swift in Sources */,
				7E0E90BB2A489E87001C8ACC /* Swift_Weather_AppUITestsLaunchTests.swift in Sources */,
			);
			runOnlyForDeploymentPostprocessing = 0;
		};
/* End PBXSourcesBuildPhase section */

/* Begin PBXTargetDependency section */
		7E0E90AC2A489E87001C8ACC /* PBXTargetDependency */ = {
			isa = PBXTargetDependency;
			target = 7E0E90992A489E85001C8ACC /* Swift Weather App */;
			targetProxy = 7E0E90AB2A489E87001C8ACC /* PBXContainerItemProxy */;
		};
		7E0E90B62A489E87001C8ACC /* PBXTargetDependency */ = {
			isa = PBXTargetDependency;
			target = 7E0E90992A489E85001C8ACC /* Swift Weather App */;
			targetProxy = 7E0E90B52A489E87001C8ACC /* PBXContainerItemProxy */;
		};
/* End PBXTargetDependency section */

/* Begin XCBuildConfiguration section */
		7E0E90BC2A489E87001C8ACC /* Debug */ = {
			isa = XCBuildConfiguration;
			buildSettings = {
				ALWAYS_SEARCH_USER_PATHS = NO;
				CLANG_ANALYZER_NONNULL = YES;
				CLANG_ANALYZER_NUMBER_OBJECT_CONVERSION = YES_AGGRESSIVE;
				CLANG_CXX_LANGUAGE_STANDARD = "gnu++20";
				CLANG_ENABLE_MODULES = YES;
				CLANG_ENABLE_OBJC_ARC = YES;
				CLANG_ENABLE_OBJC_WEAK = YES;
				CLANG_WARN_BLOCK_CAPTURE_AUTORELEASING = YES;
				CLANG_WARN_BOOL_CONVERSION = YES;
				CLANG_WARN_COMMA = YES;
				CLANG_WARN_CONSTANT_CONVERSION = YES;
				CLANG_WARN_DEPRECATED_OBJC_IMPLEMENTATIONS = YES;
				CLANG_WARN_DIRECT_OBJC_ISA_USAGE = YES_ERROR;
				CLANG_WARN_DOCUMENTATION_COMMENTS = YES;
				CLANG_WARN_EMPTY_BODY = YES;
				CLANG_WARN_ENUM_CONVERSION = YES;
				CLANG_WARN_INFINITE_RECURSION = YES;
				CLANG_WARN_INT_CONVERSION = YES;
				CLANG_WARN_NON_LITERAL_NULL_CONVERSION = YES;
				CLANG_WARN_OBJC_IMPLICIT_RETAIN_SELF = YES;
				CLANG_WARN_OBJC_LITERAL_CONVERSION = YES;
				CLANG_WARN_OBJC_ROOT_CLASS = YES_ERROR;
				CLANG_WARN_QUOTED_INCLUDE_IN_FRAMEWORK_HEADER = YES;
				CLANG_WARN_RANGE_LOOP_ANALYSIS = YES;
				CLANG_WARN_STRICT_PROTOTYPES = YES;
				CLANG_WARN_SUSPICIOUS_MOVE = YES;
				CLANG_WARN_UNGUARDED_AVAILABILITY = YES_AGGRESSIVE;
				CLANG_WARN_UNREACHABLE_CODE = YES;
				CLANG_WARN__DUPLICATE_METHOD_MATCH = YES;
				COPY_PHASE_STRIP = NO;
				DEBUG_INFORMATION_FORMAT = dwarf;
				ENABLE_STRICT_OBJC_MSGSEND = YES;
				ENABLE_TESTABILITY = YES;
				GCC_C_LANGUAGE_STANDARD = gnu11;
				GCC_DYNAMIC_NO_PIC = NO;
				GCC_NO_COMMON_BLOCKS = YES;
				GCC_OPTIMIZATION_LEVEL = 0;
				GCC_PREPROCESSOR_DEFINITIONS = (
					"DEBUG=1",
					"$(inherited)",
				);
				GCC_WARN_64_TO_32_BIT_CONVERSION = YES;
				GCC_WARN_ABOUT_RETURN_TYPE = YES_ERROR;
				GCC_WARN_UNDECLARED_SELECTOR = YES;
				GCC_WARN_UNINITIALIZED_AUTOS = YES_AGGRESSIVE;
				GCC_WARN_UNUSED_FUNCTION = YES;
				GCC_WARN_UNUSED_VARIABLE = YES;
				IPHONEOS_DEPLOYMENT_TARGET = 16.4;
				MTL_ENABLE_DEBUG_INFO = INCLUDE_SOURCE;
				MTL_FAST_MATH = YES;
				ONLY_ACTIVE_ARCH = YES;
				SDKROOT = iphoneos;
				SWIFT_ACTIVE_COMPILATION_CONDITIONS = DEBUG;
				SWIFT_OPTIMIZATION_LEVEL = "-Onone";
			};
			name = Debug;
		};
		7E0E90BD2A489E87001C8ACC /* Release */ = {
			isa = XCBuildConfiguration;
			buildSettings = {
				ALWAYS_SEARCH_USER_PATHS = NO;
				CLANG_ANALYZER_NONNULL = YES;
				CLANG_ANALYZER_NUMBER_OBJECT_CONVERSION = YES_AGGRESSIVE;
				CLANG_CXX_LANGUAGE_STANDARD = "gnu++20";
				CLANG_ENABLE_MODULES = YES;
				CLANG_ENABLE_OBJC_ARC = YES;
				CLANG_ENABLE_OBJC_WEAK = YES;
				CLANG_WARN_BLOCK_CAPTURE_AUTORELEASING = YES;
				CLANG_WARN_BOOL_CONVERSION = YES;
				CLANG_WARN_COMMA = YES;
				CLANG_WARN_CONSTANT_CONVERSION = YES;
				CLANG_WARN_DEPRECATED_OBJC_IMPLEMENTATIONS = YES;
				CLANG_WARN_DIRECT_OBJC_ISA_USAGE = YES_ERROR;
				CLANG_WARN_DOCUMENTATION_COMMENTS = YES;
				CLANG_WARN_EMPTY_BODY = YES;
				CLANG_WARN_ENUM_CONVERSION = YES;
				CLANG_WARN_INFINITE_RECURSION = YES;
				CLANG_WARN_INT_CONVERSION = YES;
				CLANG_WARN_NON_LITERAL_NULL_CONVERSION = YES;
				CLANG_WARN_OBJC_IMPLICIT_RETAIN_SELF = YES;
				CLANG_WARN_OBJC_LITERAL_CONVERSION = YES;
				CLANG_WARN_OBJC_ROOT_CLASS = YES_ERROR;
				CLANG_WARN_QUOTED_INCLUDE_IN_FRAMEWORK_HEADER = YES;
				CLANG_WARN_RANGE_LOOP_ANALYSIS = YES;
				CLANG_WARN_STRICT_PROTOTYPES = YES;
				CLANG_WARN_SUSPICIOUS_MOVE = YES;
				CLANG_WARN_UNGUARDED_AVAILABILITY = YES_AGGRESSIVE;
				CLANG_WARN_UNREACHABLE_CODE = YES;
				CLANG_WARN__DUPLICATE_METHOD_MATCH = YES;
				COPY_PHASE_STRIP = NO;
				DEBUG_INFORMATION_FORMAT = "dwarf-with-dsym";
				ENABLE_NS_ASSERTIONS = NO;
				ENABLE_STRICT_OBJC_MSGSEND = YES;
				GCC_C_LANGUAGE_STANDARD = gnu11;
				GCC_NO_COMMON_BLOCKS = YES;
				GCC_WARN_64_TO_32_BIT_CONVERSION = YES;
				GCC_WARN_ABOUT_RETURN_TYPE = YES_ERROR;
				GCC_WARN_UNDECLARED_SELECTOR = YES;
				GCC_WARN_UNINITIALIZED_AUTOS = YES_AGGRESSIVE;
				GCC_WARN_UNUSED_FUNCTION = YES;
				GCC_WARN_UNUSED_VARIABLE = YES;
				IPHONEOS_DEPLOYMENT_TARGET = 16.4;
				MTL_ENABLE_DEBUG_INFO = NO;
				MTL_FAST_MATH = YES;
				SDKROOT = iphoneos;
				SWIFT_COMPILATION_MODE = wholemodule;
				SWIFT_OPTIMIZATION_LEVEL = "-O";
				VALIDATE_PRODUCT = YES;
			};
			name = Release;
		};
		7E0E90BF2A489E87001C8ACC /* Debug */ = {
			isa = XCBuildConfiguration;
			buildSettings = {
				ASSETCATALOG_COMPILER_APPICON_NAME = AppIcon;
				ASSETCATALOG_COMPILER_GLOBAL_ACCENT_COLOR_NAME = AccentColor;
				CODE_SIGN_STYLE = Automatic;
				CURRENT_PROJECT_VERSION = 1;
				DEVELOPMENT_ASSET_PATHS = "\"Swift Weather App/Preview Content\"";
				ENABLE_PREVIEWS = YES;
				GENERATE_INFOPLIST_FILE = YES;
				INFOPLIST_FILE = "Swift-Weather-App-Info.plist";
				INFOPLIST_KEY_UIApplicationSceneManifest_Generation = YES;
				INFOPLIST_KEY_UIApplicationSupportsIndirectInputEvents = YES;
				INFOPLIST_KEY_UILaunchScreen_Generation = YES;
				INFOPLIST_KEY_UISupportedInterfaceOrientations_iPad = "UIInterfaceOrientationPortrait UIInterfaceOrientationPortraitUpsideDown UIInterfaceOrientationLandscapeLeft UIInterfaceOrientationLandscapeRight";
				INFOPLIST_KEY_UISupportedInterfaceOrientations_iPhone = "UIInterfaceOrientationPortrait UIInterfaceOrientationLandscapeLeft UIInterfaceOrientationLandscapeRight";
				LD_RUNPATH_SEARCH_PATHS = (
					"$(inherited)",
					"@executable_path/Frameworks",
				);
				MARKETING_VERSION = 1.0;
				PRODUCT_BUNDLE_IDENTIFIER = "com.ckrdev.Swift-Weather-App";
				PRODUCT_NAME = "$(TARGET_NAME)";
				SWIFT_EMIT_LOC_STRINGS = YES;
				SWIFT_VERSION = 5.0;
				TARGETED_DEVICE_FAMILY = "1,2";
			};
			name = Debug;
		};
		7E0E90C02A489E87001C8ACC /* Release */ = {
			isa = XCBuildConfiguration;
			buildSettings = {
				ASSETCATALOG_COMPILER_APPICON_NAME = AppIcon;
				ASSETCATALOG_COMPILER_GLOBAL_ACCENT_COLOR_NAME = AccentColor;
				CODE_SIGN_STYLE = Automatic;
				CURRENT_PROJECT_VERSION = 1;
				DEVELOPMENT_ASSET_PATHS = "\"Swift Weather App/Preview Content\"";
				ENABLE_PREVIEWS = YES;
				GENERATE_INFOPLIST_FILE = YES;
				INFOPLIST_FILE = "Swift-Weather-App-Info.plist";
				INFOPLIST_KEY_UIApplicationSceneManifest_Generation = YES;
				INFOPLIST_KEY_UIApplicationSupportsIndirectInputEvents = YES;
				INFOPLIST_KEY_UILaunchScreen_Generation = YES;
				INFOPLIST_KEY_UISupportedInterfaceOrientations_iPad = "UIInterfaceOrientationPortrait UIInterfaceOrientationPortraitUpsideDown UIInterfaceOrientationLandscapeLeft UIInterfaceOrientationLandscapeRight";
				INFOPLIST_KEY_UISupportedInterfaceOrientations_iPhone = "UIInterfaceOrientationPortrait UIInterfaceOrientationLandscapeLeft UIInterfaceOrientationLandscapeRight";
				LD_RUNPATH_SEARCH_PATHS = (
					"$(inherited)",
					"@executable_path/Frameworks",
				);
				MARKETING_VERSION = 1.0;
				PRODUCT_BUNDLE_IDENTIFIER = "com.ckrdev.Swift-Weather-App";
				PRODUCT_NAME = "$(TARGET_NAME)";
				SWIFT_EMIT_LOC_STRINGS = YES;
				SWIFT_VERSION = 5.0;
				TARGETED_DEVICE_FAMILY = "1,2";
			};
			name = Release;
		};
		7E0E90C22A489E87001C8ACC /* Debug */ = {
			isa = XCBuildConfiguration;
			buildSettings = {
				ALWAYS_EMBED_SWIFT_STANDARD_LIBRARIES = YES;
				BUNDLE_LOADER = "$(TEST_HOST)";
				CODE_SIGN_STYLE = Automatic;
				CURRENT_PROJECT_VERSION = 1;
				GENERATE_INFOPLIST_FILE = YES;
				IPHONEOS_DEPLOYMENT_TARGET = 16.4;
				MARKETING_VERSION = 1.0;
				PRODUCT_BUNDLE_IDENTIFIER = "com.ckrdev.Swift-Weather-AppTests";
				PRODUCT_NAME = "$(TARGET_NAME)";
				SWIFT_EMIT_LOC_STRINGS = NO;
				SWIFT_VERSION = 5.0;
				TARGETED_DEVICE_FAMILY = "1,2";
				TEST_HOST = "$(BUILT_PRODUCTS_DIR)/Swift Weather App.app/$(BUNDLE_EXECUTABLE_FOLDER_PATH)/Swift Weather App";
			};
			name = Debug;
		};
		7E0E90C32A489E87001C8ACC /* Release */ = {
			isa = XCBuildConfiguration;
			buildSettings = {
				ALWAYS_EMBED_SWIFT_STANDARD_LIBRARIES = YES;
				BUNDLE_LOADER = "$(TEST_HOST)";
				CODE_SIGN_STYLE = Automatic;
				CURRENT_PROJECT_VERSION = 1;
				GENERATE_INFOPLIST_FILE = YES;
				IPHONEOS_DEPLOYMENT_TARGET = 16.4;
				MARKETING_VERSION = 1.0;
				PRODUCT_BUNDLE_IDENTIFIER = "com.ckrdev.Swift-Weather-AppTests";
				PRODUCT_NAME = "$(TARGET_NAME)";
				SWIFT_EMIT_LOC_STRINGS = NO;
				SWIFT_VERSION = 5.0;
				TARGETED_DEVICE_FAMILY = "1,2";
				TEST_HOST = "$(BUILT_PRODUCTS_DIR)/Swift Weather App.app/$(BUNDLE_EXECUTABLE_FOLDER_PATH)/Swift Weather App";
			};
			name = Release;
		};
		7E0E90C52A489E87001C8ACC /* Debug */ = {
			isa = XCBuildConfiguration;
			buildSettings = {
				ALWAYS_EMBED_SWIFT_STANDARD_LIBRARIES = YES;
				CODE_SIGN_STYLE = Automatic;
				CURRENT_PROJECT_VERSION = 1;
				GENERATE_INFOPLIST_FILE = YES;
				MARKETING_VERSION = 1.0;
				PRODUCT_BUNDLE_IDENTIFIER = "com.ckrdev.Swift-Weather-AppUITests";
				PRODUCT_NAME = "$(TARGET_NAME)";
				SWIFT_EMIT_LOC_STRINGS = NO;
				SWIFT_VERSION = 5.0;
				TARGETED_DEVICE_FAMILY = "1,2";
				TEST_TARGET_NAME = "Swift Weather App";
			};
			name = Debug;
		};
		7E0E90C62A489E87001C8ACC /* Release */ = {
			isa = XCBuildConfiguration;
			buildSettings = {
				ALWAYS_EMBED_SWIFT_STANDARD_LIBRARIES = YES;
				CODE_SIGN_STYLE = Automatic;
				CURRENT_PROJECT_VERSION = 1;
				GENERATE_INFOPLIST_FILE = YES;
				MARKETING_VERSION = 1.0;
				PRODUCT_BUNDLE_IDENTIFIER = "com.ckrdev.Swift-Weather-AppUITests";
				PRODUCT_NAME = "$(TARGET_NAME)";
				SWIFT_EMIT_LOC_STRINGS = NO;
				SWIFT_VERSION = 5.0;
				TARGETED_DEVICE_FAMILY = "1,2";
				TEST_TARGET_NAME = "Swift Weather App";
			};
			name = Release;
		};
/* End XCBuildConfiguration section */

/* Begin XCConfigurationList section */
		7E0E90952A489E85001C8ACC /* Build configuration list for PBXProject "Swift Weather App" */ = {
			isa = XCConfigurationList;
			buildConfigurations = (
				7E0E90BC2A489E87001C8ACC /* Debug */,
				7E0E90BD2A489E87001C8ACC /* Release */,
			);
			defaultConfigurationIsVisible = 0;
			defaultConfigurationName = Release;
		};
		7E0E90BE2A489E87001C8ACC /* Build configuration list for PBXNativeTarget "Swift Weather App" */ = {
			isa = XCConfigurationList;
			buildConfigurations = (
				7E0E90BF2A489E87001C8ACC /* Debug */,
				7E0E90C02A489E87001C8ACC /* Release */,
			);
			defaultConfigurationIsVisible = 0;
			defaultConfigurationName = Release;
		};
		7E0E90C12A489E87001C8ACC /* Build configuration list for PBXNativeTarget "Swift Weather AppTests" */ = {
			isa = XCConfigurationList;
			buildConfigurations = (
				7E0E90C22A489E87001C8ACC /* Debug */,
				7E0E90C32A489E87001C8ACC /* Release */,
			);
			defaultConfigurationIsVisible = 0;
			defaultConfigurationName = Release;
		};
		7E0E90C42A489E87001C8ACC /* Build configuration list for PBXNativeTarget "Swift Weather AppUITests" */ = {
			isa = XCConfigurationList;
			buildConfigurations = (
				7E0E90C52A489E87001C8ACC /* Debug */,
				7E0E90C62A489E87001C8ACC /* Release */,
			);
			defaultConfigurationIsVisible = 0;
			defaultConfigurationName = Release;
		};
/* End XCConfigurationList section */
	};
	rootObject = 7E0E90922A489E85001C8ACC /* Project object */;
}
